// !$*UTF8*$!
{
	archiveVersion = 1;
	classes = {
	};
	objectVersion = 77;
	objects = {

/* Begin PBXBuildFile section */
		8FC750661A3EE8FD461D85D3 /* libPods-holocanon.a in Frameworks */ = {isa = PBXBuildFile; fileRef = 4A0B3CA70470D195DEC7E50E /* libPods-holocanon.a */; };
/* End PBXBuildFile section */

/* Begin PBXContainerItemProxy section */
		B8B2B60E2DF3B28700CD9DE9 /* PBXContainerItemProxy */ = {
			isa = PBXContainerItemProxy;
			containerPortal = B8B2B5F52DF3B28600CD9DE9 /* Project object */;
			proxyType = 1;
			remoteGlobalIDString = B8B2B5FC2DF3B28600CD9DE9;
			remoteInfo = holocanon;
		};
		B8B2B6182DF3B28700CD9DE9 /* PBXContainerItemProxy */ = {
			isa = PBXContainerItemProxy;
			containerPortal = B8B2B5F52DF3B28600CD9DE9 /* Project object */;
			proxyType = 1;
			remoteGlobalIDString = B8B2B5FC2DF3B28600CD9DE9;
			remoteInfo = holocanon;
		};
/* End PBXContainerItemProxy section */

/* Begin PBXFileReference section */
		4A0B3CA70470D195DEC7E50E /* libPods-holocanon.a */ = {isa = PBXFileReference; explicitFileType = archive.ar; includeInIndex = 0; path = "libPods-holocanon.a"; sourceTree = BUILT_PRODUCTS_DIR; };
		654DD0657C93AA2492FE0E68 /* Pods-holocanon.debug.xcconfig */ = {isa = PBXFileReference; includeInIndex = 1; lastKnownFileType = text.xcconfig; name = "Pods-holocanon.debug.xcconfig"; path = "Target Support Files/Pods-holocanon/Pods-holocanon.debug.xcconfig"; sourceTree = "<group>"; };
		A4BBD9CD8E0A4DB264D87CD0 /* Pods-holocanon.release.xcconfig */ = {isa = PBXFileReference; includeInIndex = 1; lastKnownFileType = text.xcconfig; name = "Pods-holocanon.release.xcconfig"; path = "Target Support Files/Pods-holocanon/Pods-holocanon.release.xcconfig"; sourceTree = "<group>"; };
		B8B2B5FD2DF3B28600CD9DE9 /* holocanon.app */ = {isa = PBXFileReference; explicitFileType = wrapper.application; includeInIndex = 0; path = holocanon.app; sourceTree = BUILT_PRODUCTS_DIR; };
		B8B2B60D2DF3B28700CD9DE9 /* holocanonTests.xctest */ = {isa = PBXFileReference; explicitFileType = wrapper.cfbundle; includeInIndex = 0; path = holocanonTests.xctest; sourceTree = BUILT_PRODUCTS_DIR; };
		B8B2B6172DF3B28700CD9DE9 /* holocanonUITests.xctest */ = {isa = PBXFileReference; explicitFileType = wrapper.cfbundle; includeInIndex = 0; path = holocanonUITests.xctest; sourceTree = BUILT_PRODUCTS_DIR; };
/* End PBXFileReference section */

/* Begin PBXFileSystemSynchronizedBuildFileExceptionSet section */
		B8A816F12E05302100B677B8 /* Exceptions for "holocanon" folder in "holocanon" target */ = {
			isa = PBXFileSystemSynchronizedBuildFileExceptionSet;
			membershipExceptions = (
				Info.plist,
			);
			target = B8B2B5FC2DF3B28600CD9DE9 /* holocanon */;
		};
/* End PBXFileSystemSynchronizedBuildFileExceptionSet section */

/* Begin PBXFileSystemSynchronizedRootGroup section */
		B8B2B5FF2DF3B28600CD9DE9 /* holocanon */ = {
			isa = PBXFileSystemSynchronizedRootGroup;
			exceptions = (
				B8A816F12E05302100B677B8 /* Exceptions for "holocanon" folder in "holocanon" target */,
			);
			path = holocanon;
			sourceTree = "<group>";
		};
		B8B2B6102DF3B28700CD9DE9 /* holocanonTests */ = {
			isa = PBXFileSystemSynchronizedRootGroup;
			exceptions = (
			);
			path = holocanonTests;
			sourceTree = "<group>";
		};
		B8B2B61A2DF3B28700CD9DE9 /* holocanonUITests */ = {
			isa = PBXFileSystemSynchronizedRootGroup;
			exceptions = (
			);
			path = holocanonUITests;
			sourceTree = "<group>";
		};
/* End PBXFileSystemSynchronizedRootGroup section */

/* Begin PBXFrameworksBuildPhase section */
		B8B2B5FA2DF3B28600CD9DE9 /* Frameworks */ = {
			isa = PBXFrameworksBuildPhase;
			buildActionMask = 2147483647;
			files = (
				8FC750661A3EE8FD461D85D3 /* libPods-holocanon.a in Frameworks */,
			);
			runOnlyForDeploymentPostprocessing = 0;
		};
		B8B2B60A2DF3B28700CD9DE9 /* Frameworks */ = {
			isa = PBXFrameworksBuildPhase;
			buildActionMask = 2147483647;
			files = (
			);
			runOnlyForDeploymentPostprocessing = 0;
		};
		B8B2B6142DF3B28700CD9DE9 /* Frameworks */ = {
			isa = PBXFrameworksBuildPhase;
			buildActionMask = 2147483647;
			files = (
			);
			runOnlyForDeploymentPostprocessing = 0;
		};
/* End PBXFrameworksBuildPhase section */

/* Begin PBXGroup section */
		3AC2021510BAAADF39293CB6 /* Pods */ = {
			isa = PBXGroup;
			children = (
				654DD0657C93AA2492FE0E68 /* Pods-holocanon.debug.xcconfig */,
				A4BBD9CD8E0A4DB264D87CD0 /* Pods-holocanon.release.xcconfig */,
			);
			path = Pods;
			sourceTree = "<group>";
		};
		3C1A13C02057F32857A148A4 /* Frameworks */ = {
			isa = PBXGroup;
			children = (
				4A0B3CA70470D195DEC7E50E /* libPods-holocanon.a */,
			);
			name = Frameworks;
			sourceTree = "<group>";
		};
		B8B2B5F42DF3B28600CD9DE9 = {
			isa = PBXGroup;
			children = (
				B8B2B5FF2DF3B28600CD9DE9 /* holocanon */,
				B8B2B6102DF3B28700CD9DE9 /* holocanonTests */,
				B8B2B61A2DF3B28700CD9DE9 /* holocanonUITests */,
				B8B2B5FE2DF3B28600CD9DE9 /* Products */,
				3AC2021510BAAADF39293CB6 /* Pods */,
				3C1A13C02057F32857A148A4 /* Frameworks */,
			);
			sourceTree = "<group>";
		};
		B8B2B5FE2DF3B28600CD9DE9 /* Products */ = {
			isa = PBXGroup;
			children = (
				B8B2B5FD2DF3B28600CD9DE9 /* holocanon.app */,
				B8B2B60D2DF3B28700CD9DE9 /* holocanonTests.xctest */,
				B8B2B6172DF3B28700CD9DE9 /* holocanonUITests.xctest */,
			);
			name = Products;
			sourceTree = "<group>";
		};
/* End PBXGroup section */

/* Begin PBXNativeTarget section */
		B8B2B5FC2DF3B28600CD9DE9 /* holocanon */ = {
			isa = PBXNativeTarget;
			buildConfigurationList = B8B2B6212DF3B28700CD9DE9 /* Build configuration list for PBXNativeTarget "holocanon" */;
			buildPhases = (
				E9AEF07B1734895AD81D8671 /* [CP] Check Pods Manifest.lock */,
				B8A817032E05336F00B677B8 /* ShellScript */,
				B8B2B5F92DF3B28600CD9DE9 /* Sources */,
				B8B2B5FA2DF3B28600CD9DE9 /* Frameworks */,
				B8B2B5FB2DF3B28600CD9DE9 /* Resources */,
				A4A112BB3507C79BB7C2464C /* [CP] Embed Pods Frameworks */,
				B3A63AB99D585EEFEE7F4FA8 /* [CP] Copy Pods Resources */,
			);
			buildRules = (
			);
			dependencies = (
			);
			fileSystemSynchronizedGroups = (
				B8B2B5FF2DF3B28600CD9DE9 /* holocanon */,
			);
			name = holocanon;
			productName = holocanon;
			productReference = B8B2B5FD2DF3B28600CD9DE9 /* holocanon.app */;
			productType = "com.apple.product-type.application";
		};
		B8B2B60C2DF3B28700CD9DE9 /* holocanonTests */ = {
			isa = PBXNativeTarget;
			buildConfigurationList = B8B2B6242DF3B28700CD9DE9 /* Build configuration list for PBXNativeTarget "holocanonTests" */;
			buildPhases = (
				B8B2B6092DF3B28700CD9DE9 /* Sources */,
				B8B2B60A2DF3B28700CD9DE9 /* Frameworks */,
				B8B2B60B2DF3B28700CD9DE9 /* Resources */,
			);
			buildRules = (
			);
			dependencies = (
				B8B2B60F2DF3B28700CD9DE9 /* PBXTargetDependency */,
			);
			fileSystemSynchronizedGroups = (
				B8B2B6102DF3B28700CD9DE9 /* holocanonTests */,
			);
			name = holocanonTests;
			productName = holocanonTests;
			productReference = B8B2B60D2DF3B28700CD9DE9 /* holocanonTests.xctest */;
			productType = "com.apple.product-type.bundle.unit-test";
		};
		B8B2B6162DF3B28700CD9DE9 /* holocanonUITests */ = {
			isa = PBXNativeTarget;
			buildConfigurationList = B8B2B6272DF3B28700CD9DE9 /* Build configuration list for PBXNativeTarget "holocanonUITests" */;
			buildPhases = (
				B8B2B6132DF3B28700CD9DE9 /* Sources */,
				B8B2B6142DF3B28700CD9DE9 /* Frameworks */,
				B8B2B6152DF3B28700CD9DE9 /* Resources */,
			);
			buildRules = (
			);
			dependencies = (
				B8B2B6192DF3B28700CD9DE9 /* PBXTargetDependency */,
			);
			fileSystemSynchronizedGroups = (
				B8B2B61A2DF3B28700CD9DE9 /* holocanonUITests */,
			);
			name = holocanonUITests;
			productName = holocanonUITests;
			productReference = B8B2B6172DF3B28700CD9DE9 /* holocanonUITests.xctest */;
			productType = "com.apple.product-type.bundle.ui-testing";
		};
/* End PBXNativeTarget section */

/* Begin PBXProject section */
		B8B2B5F52DF3B28600CD9DE9 /* Project object */ = {
			isa = PBXProject;
			attributes = {
				BuildIndependentTargetsInParallel = 1;
				LastSwiftUpdateCheck = 1620;
				LastUpgradeCheck = 1620;
				TargetAttributes = {
					B8B2B5FC2DF3B28600CD9DE9 = {
						CreatedOnToolsVersion = 16.2;
					};
					B8B2B60C2DF3B28700CD9DE9 = {
						CreatedOnToolsVersion = 16.2;
						TestTargetID = B8B2B5FC2DF3B28600CD9DE9;
					};
					B8B2B6162DF3B28700CD9DE9 = {
						CreatedOnToolsVersion = 16.2;
						TestTargetID = B8B2B5FC2DF3B28600CD9DE9;
					};
				};
			};
			buildConfigurationList = B8B2B5F82DF3B28600CD9DE9 /* Build configuration list for PBXProject "holocanon" */;
			developmentRegion = en;
			hasScannedForEncodings = 0;
			knownRegions = (
				en,
				Base,
			);
			mainGroup = B8B2B5F42DF3B28600CD9DE9;
			minimizedProjectReferenceProxies = 1;
			preferredProjectObjectVersion = 77;
			productRefGroup = B8B2B5FE2DF3B28600CD9DE9 /* Products */;
			projectDirPath = "";
			projectRoot = "";
			targets = (
				B8B2B5FC2DF3B28600CD9DE9 /* holocanon */,
				B8B2B60C2DF3B28700CD9DE9 /* holocanonTests */,
				B8B2B6162DF3B28700CD9DE9 /* holocanonUITests */,
			);
		};
/* End PBXProject section */

/* Begin PBXResourcesBuildPhase section */
		B8B2B5FB2DF3B28600CD9DE9 /* Resources */ = {
			isa = PBXResourcesBuildPhase;
			buildActionMask = 2147483647;
			files = (
			);
			runOnlyForDeploymentPostprocessing = 0;
		};
		B8B2B60B2DF3B28700CD9DE9 /* Resources */ = {
			isa = PBXResourcesBuildPhase;
			buildActionMask = 2147483647;
			files = (
			);
			runOnlyForDeploymentPostprocessing = 0;
		};
		B8B2B6152DF3B28700CD9DE9 /* Resources */ = {
			isa = PBXResourcesBuildPhase;
			buildActionMask = 2147483647;
			files = (
			);
			runOnlyForDeploymentPostprocessing = 0;
		};
/* End PBXResourcesBuildPhase section */

/* Begin PBXShellScriptBuildPhase section */
		A4A112BB3507C79BB7C2464C /* [CP] Embed Pods Frameworks */ = {
			isa = PBXShellScriptBuildPhase;
			buildActionMask = 2147483647;
			files = (
			);
			inputFileListPaths = (
				"${PODS_ROOT}/Target Support Files/Pods-holocanon/Pods-holocanon-frameworks-${CONFIGURATION}-input-files.xcfilelist",
			);
			name = "[CP] Embed Pods Frameworks";
			outputFileListPaths = (
				"${PODS_ROOT}/Target Support Files/Pods-holocanon/Pods-holocanon-frameworks-${CONFIGURATION}-output-files.xcfilelist",
			);
			runOnlyForDeploymentPostprocessing = 0;
			shellPath = /bin/sh;
			shellScript = "\"${PODS_ROOT}/Target Support Files/Pods-holocanon/Pods-holocanon-frameworks.sh\"\n";
			showEnvVarsInLog = 0;
		};
		B3A63AB99D585EEFEE7F4FA8 /* [CP] Copy Pods Resources */ = {
			isa = PBXShellScriptBuildPhase;
			buildActionMask = 2147483647;
			files = (
			);
			inputFileListPaths = (
				"${PODS_ROOT}/Target Support Files/Pods-holocanon/Pods-holocanon-resources-${CONFIGURATION}-input-files.xcfilelist",
			);
			name = "[CP] Copy Pods Resources";
			outputFileListPaths = (
				"${PODS_ROOT}/Target Support Files/Pods-holocanon/Pods-holocanon-resources-${CONFIGURATION}-output-files.xcfilelist",
			);
			runOnlyForDeploymentPostprocessing = 0;
			shellPath = /bin/sh;
			shellScript = "\"${PODS_ROOT}/Target Support Files/Pods-holocanon/Pods-holocanon-resources.sh\"\n";
			showEnvVarsInLog = 0;
		};
		B8A817032E05336F00B677B8 /* ShellScript */ = {
			isa = PBXShellScriptBuildPhase;
			buildActionMask = 2147483647;
			files = (
			);
			inputFileListPaths = (
			);
			inputPaths = (
			);
			outputFileListPaths = (
			);
			outputPaths = (
			);
			runOnlyForDeploymentPostprocessing = 0;
			shellPath = /bin/sh;
			shellScript = "# Type a script or drag a script file from your workspace to insert its path.\ncd \"$SRCROOT/../..\"\n./gradlew :app:shared:compileKotlinIosX64 :app:shared:compileKotlinIosArm64 :app:shared:compileKotlinIosSimulatorArm64 --continue\n";
		};
		E9AEF07B1734895AD81D8671 /* [CP] Check Pods Manifest.lock */ = {
			isa = PBXShellScriptBuildPhase;
			buildActionMask = 2147483647;
			files = (
			);
			inputFileListPaths = (
			);
			inputPaths = (
				"${PODS_PODFILE_DIR_PATH}/Podfile.lock",
				"${PODS_ROOT}/Manifest.lock",
			);
			name = "[CP] Check Pods Manifest.lock";
			outputFileListPaths = (
			);
			outputPaths = (
				"$(DERIVED_FILE_DIR)/Pods-holocanon-checkManifestLockResult.txt",
			);
			runOnlyForDeploymentPostprocessing = 0;
			shellPath = /bin/sh;
			shellScript = "diff \"${PODS_PODFILE_DIR_PATH}/Podfile.lock\" \"${PODS_ROOT}/Manifest.lock\" > /dev/null\nif [ $? != 0 ] ; then\n    # print error to STDERR\n    echo \"error: The sandbox is not in sync with the Podfile.lock. Run 'pod install' or update your CocoaPods installation.\" >&2\n    exit 1\nfi\n# This output is used by Xcode 'outputs' to avoid re-running this script phase.\necho \"SUCCESS\" > \"${SCRIPT_OUTPUT_FILE_0}\"\n";
			showEnvVarsInLog = 0;
		};
/* End PBXShellScriptBuildPhase section */

/* Begin PBXSourcesBuildPhase section */
		B8B2B5F92DF3B28600CD9DE9 /* Sources */ = {
			isa = PBXSourcesBuildPhase;
			buildActionMask = 2147483647;
			files = (
			);
			runOnlyForDeploymentPostprocessing = 0;
		};
		B8B2B6092DF3B28700CD9DE9 /* Sources */ = {
			isa = PBXSourcesBuildPhase;
			buildActionMask = 2147483647;
			files = (
			);
			runOnlyForDeploymentPostprocessing = 0;
		};
		B8B2B6132DF3B28700CD9DE9 /* Sources */ = {
			isa = PBXSourcesBuildPhase;
			buildActionMask = 2147483647;
			files = (
			);
			runOnlyForDeploymentPostprocessing = 0;
		};
/* End PBXSourcesBuildPhase section */

/* Begin PBXTargetDependency section */
		B8B2B60F2DF3B28700CD9DE9 /* PBXTargetDependency */ = {
			isa = PBXTargetDependency;
			target = B8B2B5FC2DF3B28600CD9DE9 /* holocanon */;
			targetProxy = B8B2B60E2DF3B28700CD9DE9 /* PBXContainerItemProxy */;
		};
		B8B2B6192DF3B28700CD9DE9 /* PBXTargetDependency */ = {
			isa = PBXTargetDependency;
			target = B8B2B5FC2DF3B28600CD9DE9 /* holocanon */;
			targetProxy = B8B2B6182DF3B28700CD9DE9 /* PBXContainerItemProxy */;
		};
/* End PBXTargetDependency section */

/* Begin XCBuildConfiguration section */
		B8B2B61F2DF3B28700CD9DE9 /* Debug */ = {
			isa = XCBuildConfiguration;
			buildSettings = {
				ALWAYS_SEARCH_USER_PATHS = NO;
				ASSETCATALOG_COMPILER_GENERATE_SWIFT_ASSET_SYMBOL_EXTENSIONS = YES;
				CLANG_ANALYZER_NONNULL = YES;
				CLANG_ANALYZER_NUMBER_OBJECT_CONVERSION = YES_AGGRESSIVE;
				CLANG_CXX_LANGUAGE_STANDARD = "gnu++20";
				CLANG_ENABLE_MODULES = YES;
				CLANG_ENABLE_OBJC_ARC = YES;
				CLANG_ENABLE_OBJC_WEAK = YES;
				CLANG_WARN_BLOCK_CAPTURE_AUTORELEASING = YES;
				CLANG_WARN_BOOL_CONVERSION = YES;
				CLANG_WARN_COMMA = YES;
				CLANG_WARN_CONSTANT_CONVERSION = YES;
				CLANG_WARN_DEPRECATED_OBJC_IMPLEMENTATIONS = YES;
				CLANG_WARN_DIRECT_OBJC_ISA_USAGE = YES_ERROR;
				CLANG_WARN_DOCUMENTATION_COMMENTS = YES;
				CLANG_WARN_EMPTY_BODY = YES;
				CLANG_WARN_ENUM_CONVERSION = YES;
				CLANG_WARN_INFINITE_RECURSION = YES;
				CLANG_WARN_INT_CONVERSION = YES;
				CLANG_WARN_NON_LITERAL_NULL_CONVERSION = YES;
				CLANG_WARN_OBJC_IMPLICIT_RETAIN_SELF = YES;
				CLANG_WARN_OBJC_LITERAL_CONVERSION = YES;
				CLANG_WARN_OBJC_ROOT_CLASS = YES_ERROR;
				CLANG_WARN_QUOTED_INCLUDE_IN_FRAMEWORK_HEADER = YES;
				CLANG_WARN_RANGE_LOOP_ANALYSIS = YES;
				CLANG_WARN_STRICT_PROTOTYPES = YES;
				CLANG_WARN_SUSPICIOUS_MOVE = YES;
				CLANG_WARN_UNGUARDED_AVAILABILITY = YES_AGGRESSIVE;
				CLANG_WARN_UNREACHABLE_CODE = YES;
				CLANG_WARN__DUPLICATE_METHOD_MATCH = YES;
				COPY_PHASE_STRIP = NO;
				DEBUG_INFORMATION_FORMAT = dwarf;
				ENABLE_STRICT_OBJC_MSGSEND = YES;
				ENABLE_TESTABILITY = YES;
				ENABLE_USER_SCRIPT_SANDBOXING = NO;
				GCC_C_LANGUAGE_STANDARD = gnu17;
				GCC_DYNAMIC_NO_PIC = NO;
				GCC_NO_COMMON_BLOCKS = YES;
				GCC_OPTIMIZATION_LEVEL = 0;
				GCC_PREPROCESSOR_DEFINITIONS = (
					"DEBUG=1",
					"$(inherited)",
				);
				GCC_WARN_64_TO_32_BIT_CONVERSION = YES;
				GCC_WARN_ABOUT_RETURN_TYPE = YES_ERROR;
				GCC_WARN_UNDECLARED_SELECTOR = YES;
				GCC_WARN_UNINITIALIZED_AUTOS = YES_AGGRESSIVE;
				GCC_WARN_UNUSED_FUNCTION = YES;
				GCC_WARN_UNUSED_VARIABLE = YES;
				IPHONEOS_DEPLOYMENT_TARGET = 18.2;
				LOCALIZATION_PREFERS_STRING_CATALOGS = YES;
				MTL_ENABLE_DEBUG_INFO = INCLUDE_SOURCE;
				MTL_FAST_MATH = YES;
				ONLY_ACTIVE_ARCH = YES;
				SDKROOT = iphoneos;
				SWIFT_ACTIVE_COMPILATION_CONDITIONS = "DEBUG $(inherited)";
				SWIFT_OPTIMIZATION_LEVEL = "-Onone";
			};
			name = Debug;
		};
		B8B2B6202DF3B28700CD9DE9 /* Release */ = {
			isa = XCBuildConfiguration;
			buildSettings = {
				ALWAYS_SEARCH_USER_PATHS = NO;
				ASSETCATALOG_COMPILER_GENERATE_SWIFT_ASSET_SYMBOL_EXTENSIONS = YES;
				CLANG_ANALYZER_NONNULL = YES;
				CLANG_ANALYZER_NUMBER_OBJECT_CONVERSION = YES_AGGRESSIVE;
				CLANG_CXX_LANGUAGE_STANDARD = "gnu++20";
				CLANG_ENABLE_MODULES = YES;
				CLANG_ENABLE_OBJC_ARC = YES;
				CLANG_ENABLE_OBJC_WEAK = YES;
				CLANG_WARN_BLOCK_CAPTURE_AUTORELEASING = YES;
				CLANG_WARN_BOOL_CONVERSION = YES;
				CLANG_WARN_COMMA = YES;
				CLANG_WARN_CONSTANT_CONVERSION = YES;
				CLANG_WARN_DEPRECATED_OBJC_IMPLEMENTATIONS = YES;
				CLANG_WARN_DIRECT_OBJC_ISA_USAGE = YES_ERROR;
				CLANG_WARN_DOCUMENTATION_COMMENTS = YES;
				CLANG_WARN_EMPTY_BODY = YES;
				CLANG_WARN_ENUM_CONVERSION = YES;
				CLANG_WARN_INFINITE_RECURSION = YES;
				CLANG_WARN_INT_CONVERSION = YES;
				CLANG_WARN_NON_LITERAL_NULL_CONVERSION = YES;
				CLANG_WARN_OBJC_IMPLICIT_RETAIN_SELF = YES;
				CLANG_WARN_OBJC_LITERAL_CONVERSION = YES;
				CLANG_WARN_OBJC_ROOT_CLASS = YES_ERROR;
				CLANG_WARN_QUOTED_INCLUDE_IN_FRAMEWORK_HEADER = YES;
				CLANG_WARN_RANGE_LOOP_ANALYSIS = YES;
				CLANG_WARN_STRICT_PROTOTYPES = YES;
				CLANG_WARN_SUSPICIOUS_MOVE = YES;
				CLANG_WARN_UNGUARDED_AVAILABILITY = YES_AGGRESSIVE;
				CLANG_WARN_UNREACHABLE_CODE = YES;
				CLANG_WARN__DUPLICATE_METHOD_MATCH = YES;
				COPY_PHASE_STRIP = NO;
				DEBUG_INFORMATION_FORMAT = "dwarf-with-dsym";
				ENABLE_NS_ASSERTIONS = NO;
				ENABLE_STRICT_OBJC_MSGSEND = YES;
				ENABLE_USER_SCRIPT_SANDBOXING = NO;
				GCC_C_LANGUAGE_STANDARD = gnu17;
				GCC_NO_COMMON_BLOCKS = YES;
				GCC_WARN_64_TO_32_BIT_CONVERSION = YES;
				GCC_WARN_ABOUT_RETURN_TYPE = YES_ERROR;
				GCC_WARN_UNDECLARED_SELECTOR = YES;
				GCC_WARN_UNINITIALIZED_AUTOS = YES_AGGRESSIVE;
				GCC_WARN_UNUSED_FUNCTION = YES;
				GCC_WARN_UNUSED_VARIABLE = YES;
				IPHONEOS_DEPLOYMENT_TARGET = 18.2;
				LOCALIZATION_PREFERS_STRING_CATALOGS = YES;
				MTL_ENABLE_DEBUG_INFO = NO;
				MTL_FAST_MATH = YES;
				SDKROOT = iphoneos;
				SWIFT_COMPILATION_MODE = wholemodule;
				VALIDATE_PRODUCT = YES;
			};
			name = Release;
		};
		B8B2B6222DF3B28700CD9DE9 /* Debug */ = {
			isa = XCBuildConfiguration;
			baseConfigurationReference = 654DD0657C93AA2492FE0E68 /* Pods-holocanon.debug.xcconfig */;
			buildSettings = {
				ASSETCATALOG_COMPILER_APPICON_NAME = AppIcon;
				ASSETCATALOG_COMPILER_GLOBAL_ACCENT_COLOR_NAME = AccentColor;
				CODE_SIGN_STYLE = Automatic;
				CURRENT_PROJECT_VERSION = 1;
				DEVELOPMENT_ASSET_PATHS = "\"holocanon/Preview Content\"";
				ENABLE_PREVIEWS = YES;
				ENABLE_USER_SCRIPT_SANDBOXING = NO;
				GENERATE_INFOPLIST_FILE = YES;
				INFOPLIST_FILE = holocanon/Info.plist;
				INFOPLIST_KEY_UIApplicationSceneManifest_Generation = YES;
				INFOPLIST_KEY_UIApplicationSupportsIndirectInputEvents = YES;
				INFOPLIST_KEY_UILaunchScreen_Generation = YES;
				INFOPLIST_KEY_UISupportedInterfaceOrientations_iPad = "UIInterfaceOrientationPortrait UIInterfaceOrientationPortraitUpsideDown UIInterfaceOrientationLandscapeLeft UIInterfaceOrientationLandscapeRight";
				INFOPLIST_KEY_UISupportedInterfaceOrientations_iPhone = "UIInterfaceOrientationPortrait UIInterfaceOrientationLandscapeLeft UIInterfaceOrientationLandscapeRight";
				LD_RUNPATH_SEARCH_PATHS = (
					"$(inherited)",
					"@executable_path/Frameworks",
				);
				MARKETING_VERSION = 1.0;
				PRODUCT_BUNDLE_IDENTIFIER = com.minirogue.holocanon;
				PRODUCT_NAME = "$(TARGET_NAME)";
				SWIFT_EMIT_LOC_STRINGS = YES;
				SWIFT_VERSION = 5.0;
				TARGETED_DEVICE_FAMILY = "1,2";
			};
			name = Debug;
		};
		B8B2B6232DF3B28700CD9DE9 /* Release */ = {
			isa = XCBuildConfiguration;
			baseConfigurationReference = A4BBD9CD8E0A4DB264D87CD0 /* Pods-holocanon.release.xcconfig */;
			buildSettings = {
				ASSETCATALOG_COMPILER_APPICON_NAME = AppIcon;
				ASSETCATALOG_COMPILER_GLOBAL_ACCENT_COLOR_NAME = AccentColor;
				CODE_SIGN_STYLE = Automatic;
				CURRENT_PROJECT_VERSION = 1;
				DEVELOPMENT_ASSET_PATHS = "\"holocanon/Preview Content\"";
				ENABLE_PREVIEWS = YES;
				ENABLE_USER_SCRIPT_SANDBOXING = NO;
				GENERATE_INFOPLIST_FILE = YES;
				INFOPLIST_FILE = holocanon/Info.plist;
				INFOPLIST_KEY_UIApplicationSceneManifest_Generation = YES;
				INFOPLIST_KEY_UIApplicationSupportsIndirectInputEvents = YES;
				INFOPLIST_KEY_UILaunchScreen_Generation = YES;
				INFOPLIST_KEY_UISupportedInterfaceOrientations_iPad = "UIInterfaceOrientationPortrait UIInterfaceOrientationPortraitUpsideDown UIInterfaceOrientationLandscapeLeft UIInterfaceOrientationLandscapeRight";
				INFOPLIST_KEY_UISupportedInterfaceOrientations_iPhone = "UIInterfaceOrientationPortrait UIInterfaceOrientationLandscapeLeft UIInterfaceOrientationLandscapeRight";
				LD_RUNPATH_SEARCH_PATHS = (
					"$(inherited)",
					"@executable_path/Frameworks",
				);
				MARKETING_VERSION = 1.0;
				PRODUCT_BUNDLE_IDENTIFIER = com.minirogue.holocanon;
				PRODUCT_NAME = "$(TARGET_NAME)";
				SWIFT_EMIT_LOC_STRINGS = YES;
				SWIFT_VERSION = 5.0;
				TARGETED_DEVICE_FAMILY = "1,2";
			};
			name = Release;
		};
		B8B2B6252DF3B28700CD9DE9 /* Debug */ = {
			isa = XCBuildConfiguration;
			buildSettings = {
				BUNDLE_LOADER = "$(TEST_HOST)";
				CODE_SIGN_STYLE = Automatic;
				CURRENT_PROJECT_VERSION = 1;
				GENERATE_INFOPLIST_FILE = YES;
				IPHONEOS_DEPLOYMENT_TARGET = 18.2;
				MARKETING_VERSION = 1.0;
				PRODUCT_BUNDLE_IDENTIFIER = com.minirogue.holocanonTests;
				PRODUCT_NAME = "$(TARGET_NAME)";
				SWIFT_EMIT_LOC_STRINGS = NO;
				SWIFT_VERSION = 5.0;
				TARGETED_DEVICE_FAMILY = "1,2";
				TEST_HOST = "$(BUILT_PRODUCTS_DIR)/holocanon.app/$(BUNDLE_EXECUTABLE_FOLDER_PATH)/holocanon";
			};
			name = Debug;
		};
		B8B2B6262DF3B28700CD9DE9 /* Release */ = {
			isa = XCBuildConfiguration;
			buildSettings = {
				BUNDLE_LOADER = "$(TEST_HOST)";
				CODE_SIGN_STYLE = Automatic;
				CURRENT_PROJECT_VERSION = 1;
				GENERATE_INFOPLIST_FILE = YES;
				IPHONEOS_DEPLOYMENT_TARGET = 18.2;
				MARKETING_VERSION = 1.0;
				PRODUCT_BUNDLE_IDENTIFIER = com.minirogue.holocanonTests;
				PRODUCT_NAME = "$(TARGET_NAME)";
				SWIFT_EMIT_LOC_STRINGS = NO;
				SWIFT_VERSION = 5.0;
				TARGETED_DEVICE_FAMILY = "1,2";
				TEST_HOST = "$(BUILT_PRODUCTS_DIR)/holocanon.app/$(BUNDLE_EXECUTABLE_FOLDER_PATH)/holocanon";
			};
			name = Release;
		};
		B8B2B6282DF3B28700CD9DE9 /* Debug */ = {
			isa = XCBuildConfiguration;
			buildSettings = {
				CODE_SIGN_STYLE = Automatic;
				CURRENT_PROJECT_VERSION = 1;
				GENERATE_INFOPLIST_FILE = YES;
				MARKETING_VERSION = 1.0;
				PRODUCT_BUNDLE_IDENTIFIER = com.minirogue.holocanonUITests;
				PRODUCT_NAME = "$(TARGET_NAME)";
				SWIFT_EMIT_LOC_STRINGS = NO;
				SWIFT_VERSION = 5.0;
				TARGETED_DEVICE_FAMILY = "1,2";
				TEST_TARGET_NAME = holocanon;
			};
			name = Debug;
		};
		B8B2B6292DF3B28700CD9DE9 /* Release */ = {
			isa = XCBuildConfiguration;
			buildSettings = {
				CODE_SIGN_STYLE = Automatic;
				CURRENT_PROJECT_VERSION = 1;
				GENERATE_INFOPLIST_FILE = YES;
				MARKETING_VERSION = 1.0;
				PRODUCT_BUNDLE_IDENTIFIER = com.minirogue.holocanonUITests;
				PRODUCT_NAME = "$(TARGET_NAME)";
				SWIFT_EMIT_LOC_STRINGS = NO;
				SWIFT_VERSION = 5.0;
				TARGETED_DEVICE_FAMILY = "1,2";
				TEST_TARGET_NAME = holocanon;
			};
			name = Release;
		};
/* End XCBuildConfiguration section */

/* Begin XCConfigurationList section */
		B8B2B5F82DF3B28600CD9DE9 /* Build configuration list for PBXProject "holocanon" */ = {
			isa = XCConfigurationList;
			buildConfigurations = (
				B8B2B61F2DF3B28700CD9DE9 /* Debug */,
				B8B2B6202DF3B28700CD9DE9 /* Release */,
			);
			defaultConfigurationIsVisible = 0;
			defaultConfigurationName = Release;
		};
		B8B2B6212DF3B28700CD9DE9 /* Build configuration list for PBXNativeTarget "holocanon" */ = {
			isa = XCConfigurationList;
			buildConfigurations = (
				B8B2B6222DF3B28700CD9DE9 /* Debug */,
				B8B2B6232DF3B28700CD9DE9 /* Release */,
			);
			defaultConfigurationIsVisible = 0;
			defaultConfigurationName = Release;
		};
		B8B2B6242DF3B28700CD9DE9 /* Build configuration list for PBXNativeTarget "holocanonTests" */ = {
			isa = XCConfigurationList;
			buildConfigurations = (
				B8B2B6252DF3B28700CD9DE9 /* Debug */,
				B8B2B6262DF3B28700CD9DE9 /* Release */,
			);
			defaultConfigurationIsVisible = 0;
			defaultConfigurationName = Release;
		};
		B8B2B6272DF3B28700CD9DE9 /* Build configuration list for PBXNativeTarget "holocanonUITests" */ = {
			isa = XCConfigurationList;
			buildConfigurations = (
				B8B2B6282DF3B28700CD9DE9 /* Debug */,
				B8B2B6292DF3B28700CD9DE9 /* Release */,
			);
			defaultConfigurationIsVisible = 0;
			defaultConfigurationName = Release;
		};
/* End XCConfigurationList section */
	};
	rootObject = B8B2B5F52DF3B28600CD9DE9 /* Project object */;
}
